// !$*UTF8*$!
{
	archiveVersion = 1;
	classes = {
	};
	objectVersion = 56;
	objects = {

/* Begin PBXBuildFile section */
		AE1C7DDC298AEAFD00362448 /* AppDelegate.swift in Sources */ = {isa = PBXBuildFile; fileRef = AE1C7DDB298AEAFD00362448 /* AppDelegate.swift */; };
		AE1C7DDE298AEAFD00362448 /* SceneDelegate.swift in Sources */ = {isa = PBXBuildFile; fileRef = AE1C7DDD298AEAFD00362448 /* SceneDelegate.swift */; };
		AE1C7DE0298AEAFD00362448 /* PinterestViewController.swift in Sources */ = {isa = PBXBuildFile; fileRef = AE1C7DDF298AEAFD00362448 /* PinterestViewController.swift */; };
		AE1C7DE5298AEAFD00362448 /* Assets.xcassets in Resources */ = {isa = PBXBuildFile; fileRef = AE1C7DE4298AEAFD00362448 /* Assets.xcassets */; };
		AE1C7DE8298AEAFD00362448 /* LaunchScreen.storyboard in Resources */ = {isa = PBXBuildFile; fileRef = AE1C7DE6298AEAFD00362448 /* LaunchScreen.storyboard */; };
		AE1C7DF0298AF15000362448 /* PinterestLayout.swift in Sources */ = {isa = PBXBuildFile; fileRef = AE1C7DEF298AF15000362448 /* PinterestLayout.swift */; };
		AE1C7DF2298AF8FC00362448 /* PinterestLayoutExample.swift in Sources */ = {isa = PBXBuildFile; fileRef = AE1C7DF1298AF8FC00362448 /* PinterestLayoutExample.swift */; };
		AE1C7DF5298AFCB200362448 /* PictureModel.swift in Sources */ = {isa = PBXBuildFile; fileRef = AE1C7DF4298AFCB200362448 /* PictureModel.swift */; };
		AE1C7DF8298BCFC200362448 /* PictureCell.swift in Sources */ = {isa = PBXBuildFile; fileRef = AE1C7DF7298BCFC200362448 /* PictureCell.swift */; };
		AE1C7DFB298C4F3B00362448 /* SnapKit in Frameworks */ = {isa = PBXBuildFile; productRef = AE1C7DFA298C4F3B00362448 /* SnapKit */; };
		AE1C7E03298FC0AA00362448 /* Ratioable.swift in Sources */ = {isa = PBXBuildFile; fileRef = AE1C7E02298FC0AA00362448 /* Ratioable.swift */; };
		AE1C7E05298FC25700362448 /* Config.swift in Sources */ = {isa = PBXBuildFile; fileRef = AE1C7E04298FC25700362448 /* Config.swift */; };
		AE1C7E08298FC40300362448 /* ImagesNetworkService.swift in Sources */ = {isa = PBXBuildFile; fileRef = AE1C7E07298FC40300362448 /* ImagesNetworkService.swift */; };
		AE1C7E0D298FC58700362448 /* ImagesEndpoint.swift in Sources */ = {isa = PBXBuildFile; fileRef = AE1C7E0C298FC58700362448 /* ImagesEndpoint.swift */; };
		AE1C7E10298FC8C000362448 /* PinterestViewModel.swift in Sources */ = {isa = PBXBuildFile; fileRef = AE1C7E0F298FC8BF00362448 /* PinterestViewModel.swift */; };
/* End PBXBuildFile section */

/* Begin PBXFileReference section */
		AE1C7DD8298AEAFD00362448 /* PinterestCompositionalLayout.app */ = {isa = PBXFileReference; explicitFileType = wrapper.application; includeInIndex = 0; path = PinterestCompositionalLayout.app; sourceTree = BUILT_PRODUCTS_DIR; };
		AE1C7DDB298AEAFD00362448 /* AppDelegate.swift */ = {isa = PBXFileReference; lastKnownFileType = sourcecode.swift; path = AppDelegate.swift; sourceTree = "<group>"; };
		AE1C7DDD298AEAFD00362448 /* SceneDelegate.swift */ = {isa = PBXFileReference; lastKnownFileType = sourcecode.swift; path = SceneDelegate.swift; sourceTree = "<group>"; };
		AE1C7DDF298AEAFD00362448 /* PinterestViewController.swift */ = {isa = PBXFileReference; lastKnownFileType = sourcecode.swift; path = PinterestViewController.swift; sourceTree = "<group>"; };
		AE1C7DE4298AEAFD00362448 /* Assets.xcassets */ = {isa = PBXFileReference; lastKnownFileType = folder.assetcatalog; path = Assets.xcassets; sourceTree = "<group>"; };
		AE1C7DE7298AEAFD00362448 /* Base */ = {isa = PBXFileReference; lastKnownFileType = file.storyboard; name = Base; path = Base.lproj/LaunchScreen.storyboard; sourceTree = "<group>"; };
		AE1C7DE9298AEAFD00362448 /* Info.plist */ = {isa = PBXFileReference; lastKnownFileType = text.plist.xml; path = Info.plist; sourceTree = "<group>"; };
		AE1C7DEF298AF15000362448 /* PinterestLayout.swift */ = {isa = PBXFileReference; lastKnownFileType = sourcecode.swift; path = PinterestLayout.swift; sourceTree = "<group>"; };
		AE1C7DF1298AF8FC00362448 /* PinterestLayoutExample.swift */ = {isa = PBXFileReference; lastKnownFileType = sourcecode.swift; path = PinterestLayoutExample.swift; sourceTree = "<group>"; };
		AE1C7DF4298AFCB200362448 /* PictureModel.swift */ = {isa = PBXFileReference; lastKnownFileType = sourcecode.swift; path = PictureModel.swift; sourceTree = "<group>"; };
		AE1C7DF7298BCFC200362448 /* PictureCell.swift */ = {isa = PBXFileReference; lastKnownFileType = sourcecode.swift; path = PictureCell.swift; sourceTree = "<group>"; };
		AE1C7E02298FC0AA00362448 /* Ratioable.swift */ = {isa = PBXFileReference; lastKnownFileType = sourcecode.swift; path = Ratioable.swift; sourceTree = "<group>"; };
		AE1C7E04298FC25700362448 /* Config.swift */ = {isa = PBXFileReference; lastKnownFileType = sourcecode.swift; path = Config.swift; sourceTree = "<group>"; };
		AE1C7E07298FC40300362448 /* ImagesNetworkService.swift */ = {isa = PBXFileReference; lastKnownFileType = sourcecode.swift; path = ImagesNetworkService.swift; sourceTree = "<group>"; };
		AE1C7E0C298FC58700362448 /* ImagesEndpoint.swift */ = {isa = PBXFileReference; lastKnownFileType = sourcecode.swift; path = ImagesEndpoint.swift; sourceTree = "<group>"; };
		AE1C7E0F298FC8BF00362448 /* PinterestViewModel.swift */ = {isa = PBXFileReference; lastKnownFileType = sourcecode.swift; path = PinterestViewModel.swift; sourceTree = "<group>"; };
		AE1C7E14298FD19E00362448 /* EasyNetwork */ = {isa = PBXFileReference; lastKnownFileType = wrapper; name = EasyNetwork; path = ../EasyNetwork; sourceTree = "<group>"; };
/* End PBXFileReference section */

/* Begin PBXFrameworksBuildPhase section */
		AE1C7DD5298AEAFD00362448 /* Frameworks */ = {
			isa = PBXFrameworksBuildPhase;
			buildActionMask = 2147483647;
			files = (
				AE1C7DFB298C4F3B00362448 /* SnapKit in Frameworks */,
			);
			runOnlyForDeploymentPostprocessing = 0;
		};
/* End PBXFrameworksBuildPhase section */

/* Begin PBXGroup section */
		AE1C7DCF298AEAFD00362448 = {
			isa = PBXGroup;
			children = (
				AE1C7E13298FD19E00362448 /* Packages */,
				AE1C7DDA298AEAFD00362448 /* PinterestCompositionalLayout */,
				AE1C7DD9298AEAFD00362448 /* Products */,
			);
			sourceTree = "<group>";
		};
		AE1C7DD9298AEAFD00362448 /* Products */ = {
			isa = PBXGroup;
			children = (
				AE1C7DD8298AEAFD00362448 /* PinterestCompositionalLayout.app */,
			);
			name = Products;
			sourceTree = "<group>";
		};
		AE1C7DDA298AEAFD00362448 /* PinterestCompositionalLayout */ = {
			isa = PBXGroup;
			children = (
				AE1C7E06298FC3EE00362448 /* NetworkLayer */,
				AE1C7DF6298BCF9D00362448 /* Views */,
				AE1C7DF3298AFCA100362448 /* Models */,
				AE1C7E0E298FC8A500362448 /* ViewModel */,
				AE1C7DDB298AEAFD00362448 /* AppDelegate.swift */,
				AE1C7DDD298AEAFD00362448 /* SceneDelegate.swift */,
				AE1C7DDF298AEAFD00362448 /* PinterestViewController.swift */,
				AE1C7DEF298AF15000362448 /* PinterestLayout.swift */,
				AE1C7DF1298AF8FC00362448 /* PinterestLayoutExample.swift */,
				AE1C7DE4298AEAFD00362448 /* Assets.xcassets */,
				AE1C7DE6298AEAFD00362448 /* LaunchScreen.storyboard */,
				AE1C7DE9298AEAFD00362448 /* Info.plist */,
			);
			path = PinterestCompositionalLayout;
			sourceTree = "<group>";
		};
		AE1C7DF3298AFCA100362448 /* Models */ = {
			isa = PBXGroup;
			children = (
				AE1C7E04298FC25700362448 /* Config.swift */,
				AE1C7E02298FC0AA00362448 /* Ratioable.swift */,
				AE1C7DF4298AFCB200362448 /* PictureModel.swift */,
			);
			path = Models;
			sourceTree = "<group>";
		};
		AE1C7DF6298BCF9D00362448 /* Views */ = {
			isa = PBXGroup;
			children = (
				AE1C7DF7298BCFC200362448 /* PictureCell.swift */,
			);
			path = Views;
			sourceTree = "<group>";
		};
		AE1C7E06298FC3EE00362448 /* NetworkLayer */ = {
			isa = PBXGroup;
			children = (
				AE1C7E07298FC40300362448 /* ImagesNetworkService.swift */,
				AE1C7E0C298FC58700362448 /* ImagesEndpoint.swift */,
			);
			path = NetworkLayer;
			sourceTree = "<group>";
		};
		AE1C7E0E298FC8A500362448 /* ViewModel */ = {
			isa = PBXGroup;
			children = (
				AE1C7E0F298FC8BF00362448 /* PinterestViewModel.swift */,
			);
			path = ViewModel;
			sourceTree = "<group>";
		};
		AE1C7E13298FD19E00362448 /* Packages */ = {
			isa = PBXGroup;
			children = (
				AE1C7E14298FD19E00362448 /* EasyNetwork */,
			);
			name = Packages;
			sourceTree = "<group>";
		};
/* End PBXGroup section */

/* Begin PBXNativeTarget section */
		AE1C7DD7298AEAFD00362448 /* PinterestCompositionalLayout */ = {
			isa = PBXNativeTarget;
			buildConfigurationList = AE1C7DEC298AEAFD00362448 /* Build configuration list for PBXNativeTarget "PinterestCompositionalLayout" */;
			buildPhases = (
				AE1C7DD4298AEAFD00362448 /* Sources */,
				AE1C7DD5298AEAFD00362448 /* Frameworks */,
				AE1C7DD6298AEAFD00362448 /* Resources */,
			);
			buildRules = (
			);
			dependencies = (
			);
			name = PinterestCompositionalLayout;
			packageProductDependencies = (
				AE1C7DFA298C4F3B00362448 /* SnapKit */,
			);
			productName = PinterestCompositionalLayout;
			productReference = AE1C7DD8298AEAFD00362448 /* PinterestCompositionalLayout.app */;
			productType = "com.apple.product-type.application";
		};
/* End PBXNativeTarget section */

/* Begin PBXProject section */
		AE1C7DD0298AEAFD00362448 /* Project object */ = {
			isa = PBXProject;
			attributes = {
				BuildIndependentTargetsInParallel = 1;
				LastSwiftUpdateCheck = 1400;
				LastUpgradeCheck = 1400;
				TargetAttributes = {
					AE1C7DD7298AEAFD00362448 = {
						CreatedOnToolsVersion = 14.0.1;
					};
				};
			};
			buildConfigurationList = AE1C7DD3298AEAFD00362448 /* Build configuration list for PBXProject "PinterestCompositionalLayout" */;
			compatibilityVersion = "Xcode 14.0";
			developmentRegion = en;
			hasScannedForEncodings = 0;
			knownRegions = (
				en,
				Base,
			);
			mainGroup = AE1C7DCF298AEAFD00362448;
			packageReferences = (
				AE1C7DF9298C4F3B00362448 /* XCRemoteSwiftPackageReference "SnapKit" */,
			);
			productRefGroup = AE1C7DD9298AEAFD00362448 /* Products */;
			projectDirPath = "";
			projectRoot = "";
			targets = (
				AE1C7DD7298AEAFD00362448 /* PinterestCompositionalLayout */,
			);
		};
/* End PBXProject section */

/* Begin PBXResourcesBuildPhase section */
		AE1C7DD6298AEAFD00362448 /* Resources */ = {
			isa = PBXResourcesBuildPhase;
			buildActionMask = 2147483647;
			files = (
				AE1C7DE8298AEAFD00362448 /* LaunchScreen.storyboard in Resources */,
				AE1C7DE5298AEAFD00362448 /* Assets.xcassets in Resources */,
			);
			runOnlyForDeploymentPostprocessing = 0;
		};
/* End PBXResourcesBuildPhase section */

/* Begin PBXSourcesBuildPhase section */
		AE1C7DD4298AEAFD00362448 /* Sources */ = {
			isa = PBXSourcesBuildPhase;
			buildActionMask = 2147483647;
			files = (
				AE1C7DF5298AFCB200362448 /* PictureModel.swift in Sources */,
				AE1C7DF0298AF15000362448 /* PinterestLayout.swift in Sources */,
				AE1C7E05298FC25700362448 /* Config.swift in Sources */,
				AE1C7DE0298AEAFD00362448 /* PinterestViewController.swift in Sources */,
				AE1C7DDC298AEAFD00362448 /* AppDelegate.swift in Sources */,
				AE1C7E10298FC8C000362448 /* PinterestViewModel.swift in Sources */,
				AE1C7DDE298AEAFD00362448 /* SceneDelegate.swift in Sources */,
				AE1C7E08298FC40300362448 /* ImagesNetworkService.swift in Sources */,
				AE1C7E03298FC0AA00362448 /* Ratioable.swift in Sources */,
				AE1C7E0D298FC58700362448 /* ImagesEndpoint.swift in Sources */,
				AE1C7DF8298BCFC200362448 /* PictureCell.swift in Sources */,
				AE1C7DF2298AF8FC00362448 /* PinterestLayoutExample.swift in Sources */,
			);
			runOnlyForDeploymentPostprocessing = 0;
		};
/* End PBXSourcesBuildPhase section */

/* Begin PBXVariantGroup section */
		AE1C7DE6298AEAFD00362448 /* LaunchScreen.storyboard */ = {
			isa = PBXVariantGroup;
			children = (
				AE1C7DE7298AEAFD00362448 /* Base */,
			);
			name = LaunchScreen.storyboard;
			sourceTree = "<group>";
		};
/* End PBXVariantGroup section */

/* Begin XCBuildConfiguration section */
		AE1C7DEA298AEAFD00362448 /* Debug */ = {
			isa = XCBuildConfiguration;
			buildSettings = {
				ALWAYS_SEARCH_USER_PATHS = NO;
				CLANG_ANALYZER_NONNULL = YES;
				CLANG_ANALYZER_NUMBER_OBJECT_CONVERSION = YES_AGGRESSIVE;
				CLANG_CXX_LANGUAGE_STANDARD = "gnu++20";
				CLANG_ENABLE_MODULES = YES;
				CLANG_ENABLE_OBJC_ARC = YES;
				CLANG_ENABLE_OBJC_WEAK = YES;
				CLANG_WARN_BLOCK_CAPTURE_AUTORELEASING = YES;
				CLANG_WARN_BOOL_CONVERSION = YES;
				CLANG_WARN_COMMA = YES;
				CLANG_WARN_CONSTANT_CONVERSION = YES;
				CLANG_WARN_DEPRECATED_OBJC_IMPLEMENTATIONS = YES;
				CLANG_WARN_DIRECT_OBJC_ISA_USAGE = YES_ERROR;
				CLANG_WARN_DOCUMENTATION_COMMENTS = YES;
				CLANG_WARN_EMPTY_BODY = YES;
				CLANG_WARN_ENUM_CONVERSION = YES;
				CLANG_WARN_INFINITE_RECURSION = YES;
				CLANG_WARN_INT_CONVERSION = YES;
				CLANG_WARN_NON_LITERAL_NULL_CONVERSION = YES;
				CLANG_WARN_OBJC_IMPLICIT_RETAIN_SELF = YES;
				CLANG_WARN_OBJC_LITERAL_CONVERSION = YES;
				CLANG_WARN_OBJC_ROOT_CLASS = YES_ERROR;
				CLANG_WARN_QUOTED_INCLUDE_IN_FRAMEWORK_HEADER = YES;
				CLANG_WARN_RANGE_LOOP_ANALYSIS = YES;
				CLANG_WARN_STRICT_PROTOTYPES = YES;
				CLANG_WARN_SUSPICIOUS_MOVE = YES;
				CLANG_WARN_UNGUARDED_AVAILABILITY = YES_AGGRESSIVE;
				CLANG_WARN_UNREACHABLE_CODE = YES;
				CLANG_WARN__DUPLICATE_METHOD_MATCH = YES;
				COPY_PHASE_STRIP = NO;
				DEBUG_INFORMATION_FORMAT = dwarf;
				ENABLE_STRICT_OBJC_MSGSEND = YES;
				ENABLE_TESTABILITY = YES;
				GCC_C_LANGUAGE_STANDARD = gnu11;
				GCC_DYNAMIC_NO_PIC = NO;
				GCC_NO_COMMON_BLOCKS = YES;
				GCC_OPTIMIZATION_LEVEL = 0;
				GCC_PREPROCESSOR_DEFINITIONS = (
					"DEBUG=1",
					"$(inherited)",
				);
				GCC_WARN_64_TO_32_BIT_CONVERSION = YES;
				GCC_WARN_ABOUT_RETURN_TYPE = YES_ERROR;
				GCC_WARN_UNDECLARED_SELECTOR = YES;
				GCC_WARN_UNINITIALIZED_AUTOS = YES_AGGRESSIVE;
				GCC_WARN_UNUSED_FUNCTION = YES;
				GCC_WARN_UNUSED_VARIABLE = YES;
				IPHONEOS_DEPLOYMENT_TARGET = 16.0;
				MTL_ENABLE_DEBUG_INFO = INCLUDE_SOURCE;
				MTL_FAST_MATH = YES;
				ONLY_ACTIVE_ARCH = YES;
				SDKROOT = iphoneos;
				SWIFT_ACTIVE_COMPILATION_CONDITIONS = DEBUG;
				SWIFT_OPTIMIZATION_LEVEL = "-Onone";
			};
			name = Debug;
		};
		AE1C7DEB298AEAFD00362448 /* Release */ = {
			isa = XCBuildConfiguration;
			buildSettings = {
				ALWAYS_SEARCH_USER_PATHS = NO;
				CLANG_ANALYZER_NONNULL = YES;
				CLANG_ANALYZER_NUMBER_OBJECT_CONVERSION = YES_AGGRESSIVE;
				CLANG_CXX_LANGUAGE_STANDARD = "gnu++20";
				CLANG_ENABLE_MODULES = YES;
				CLANG_ENABLE_OBJC_ARC = YES;
				CLANG_ENABLE_OBJC_WEAK = YES;
				CLANG_WARN_BLOCK_CAPTURE_AUTORELEASING = YES;
				CLANG_WARN_BOOL_CONVERSION = YES;
				CLANG_WARN_COMMA = YES;
				CLANG_WARN_CONSTANT_CONVERSION = YES;
				CLANG_WARN_DEPRECATED_OBJC_IMPLEMENTATIONS = YES;
				CLANG_WARN_DIRECT_OBJC_ISA_USAGE = YES_ERROR;
				CLANG_WARN_DOCUMENTATION_COMMENTS = YES;
				CLANG_WARN_EMPTY_BODY = YES;
				CLANG_WARN_ENUM_CONVERSION = YES;
				CLANG_WARN_INFINITE_RECURSION = YES;
				CLANG_WARN_INT_CONVERSION = YES;
				CLANG_WARN_NON_LITERAL_NULL_CONVERSION = YES;
				CLANG_WARN_OBJC_IMPLICIT_RETAIN_SELF = YES;
				CLANG_WARN_OBJC_LITERAL_CONVERSION = YES;
				CLANG_WARN_OBJC_ROOT_CLASS = YES_ERROR;
				CLANG_WARN_QUOTED_INCLUDE_IN_FRAMEWORK_HEADER = YES;
				CLANG_WARN_RANGE_LOOP_ANALYSIS = YES;
				CLANG_WARN_STRICT_PROTOTYPES = YES;
				CLANG_WARN_SUSPICIOUS_MOVE = YES;
				CLANG_WARN_UNGUARDED_AVAILABILITY = YES_AGGRESSIVE;
				CLANG_WARN_UNREACHABLE_CODE = YES;
				CLANG_WARN__DUPLICATE_METHOD_MATCH = YES;
				COPY_PHASE_STRIP = NO;
				DEBUG_INFORMATION_FORMAT = "dwarf-with-dsym";
				ENABLE_NS_ASSERTIONS = NO;
				ENABLE_STRICT_OBJC_MSGSEND = YES;
				GCC_C_LANGUAGE_STANDARD = gnu11;
				GCC_NO_COMMON_BLOCKS = YES;
				GCC_WARN_64_TO_32_BIT_CONVERSION = YES;
				GCC_WARN_ABOUT_RETURN_TYPE = YES_ERROR;
				GCC_WARN_UNDECLARED_SELECTOR = YES;
				GCC_WARN_UNINITIALIZED_AUTOS = YES_AGGRESSIVE;
				GCC_WARN_UNUSED_FUNCTION = YES;
				GCC_WARN_UNUSED_VARIABLE = YES;
				IPHONEOS_DEPLOYMENT_TARGET = 16.0;
				MTL_ENABLE_DEBUG_INFO = NO;
				MTL_FAST_MATH = YES;
				SDKROOT = iphoneos;
				SWIFT_COMPILATION_MODE = wholemodule;
				SWIFT_OPTIMIZATION_LEVEL = "-O";
				VALIDATE_PRODUCT = YES;
			};
			name = Release;
		};
		AE1C7DED298AEAFD00362448 /* Debug */ = {
			isa = XCBuildConfiguration;
			buildSettings = {
				ASSETCATALOG_COMPILER_APPICON_NAME = AppIcon;
				ASSETCATALOG_COMPILER_GLOBAL_ACCENT_COLOR_NAME = AccentColor;
				CODE_SIGN_STYLE = Automatic;
				CURRENT_PROJECT_VERSION = 1;
				DEVELOPMENT_TEAM = X2N73UHTAA;
				GENERATE_INFOPLIST_FILE = YES;
				INFOPLIST_FILE = PinterestCompositionalLayout/Info.plist;
				INFOPLIST_KEY_UIApplicationSupportsIndirectInputEvents = YES;
				INFOPLIST_KEY_UILaunchStoryboardName = LaunchScreen;
				INFOPLIST_KEY_UISupportedInterfaceOrientations_iPad = "UIInterfaceOrientationPortrait UIInterfaceOrientationPortraitUpsideDown UIInterfaceOrientationLandscapeLeft UIInterfaceOrientationLandscapeRight";
				INFOPLIST_KEY_UISupportedInterfaceOrientations_iPhone = "UIInterfaceOrientationPortrait UIInterfaceOrientationLandscapeLeft UIInterfaceOrientationLandscapeRight";
				LD_RUNPATH_SEARCH_PATHS = (
					"$(inherited)",
					"@executable_path/Frameworks",
				);
				MARKETING_VERSION = 1.0;
				PRODUCT_BUNDLE_IDENTIFIER = com.swift.app.PinterestCompositionalLayout;
				PRODUCT_NAME = "$(TARGET_NAME)";
				SWIFT_EMIT_LOC_STRINGS = YES;
				SWIFT_VERSION = 5.0;
				TARGETED_DEVICE_FAMILY = "1,2";
			};
			name = Debug;
		};
		AE1C7DEE298AEAFD00362448 /* Release */ = {
			isa = XCBuildConfiguration;
			buildSettings = {
				ASSETCATALOG_COMPILER_APPICON_NAME = AppIcon;
				ASSETCATALOG_COMPILER_GLOBAL_ACCENT_COLOR_NAME = AccentColor;
				CODE_SIGN_STYLE = Automatic;
				CURRENT_PROJECT_VERSION = 1;
				DEVELOPMENT_TEAM = X2N73UHTAA;
				GENERATE_INFOPLIST_FILE = YES;
				INFOPLIST_FILE = PinterestCompositionalLayout/Info.plist;
				INFOPLIST_KEY_UIApplicationSupportsIndirectInputEvents = YES;
				INFOPLIST_KEY_UILaunchStoryboardName = LaunchScreen;
				INFOPLIST_KEY_UISupportedInterfaceOrientations_iPad = "UIInterfaceOrientationPortrait UIInterfaceOrientationPortraitUpsideDown UIInterfaceOrientationLandscapeLeft UIInterfaceOrientationLandscapeRight";
				INFOPLIST_KEY_UISupportedInterfaceOrientations_iPhone = "UIInterfaceOrientationPortrait UIInterfaceOrientationLandscapeLeft UIInterfaceOrientationLandscapeRight";
				LD_RUNPATH_SEARCH_PATHS = (
					"$(inherited)",
					"@executable_path/Frameworks",
				);
				MARKETING_VERSION = 1.0;
				PRODUCT_BUNDLE_IDENTIFIER = com.swift.app.PinterestCompositionalLayout;
				PRODUCT_NAME = "$(TARGET_NAME)";
				SWIFT_EMIT_LOC_STRINGS = YES;
				SWIFT_VERSION = 5.0;
				TARGETED_DEVICE_FAMILY = "1,2";
			};
			name = Release;
		};
/* End XCBuildConfiguration section */

/* Begin XCConfigurationList section */
		AE1C7DD3298AEAFD00362448 /* Build configuration list for PBXProject "PinterestCompositionalLayout" */ = {
			isa = XCConfigurationList;
			buildConfigurations = (
				AE1C7DEA298AEAFD00362448 /* Debug */,
				AE1C7DEB298AEAFD00362448 /* Release */,
			);
			defaultConfigurationIsVisible = 0;
			defaultConfigurationName = Release;
		};
		AE1C7DEC298AEAFD00362448 /* Build configuration list for PBXNativeTarget "PinterestCompositionalLayout" */ = {
			isa = XCConfigurationList;
			buildConfigurations = (
				AE1C7DED298AEAFD00362448 /* Debug */,
				AE1C7DEE298AEAFD00362448 /* Release */,
			);
			defaultConfigurationIsVisible = 0;
			defaultConfigurationName = Release;
		};
/* End XCConfigurationList section */

/* Begin XCRemoteSwiftPackageReference section */
		AE1C7DF9298C4F3B00362448 /* XCRemoteSwiftPackageReference "SnapKit" */ = {
			isa = XCRemoteSwiftPackageReference;
			repositoryURL = "https://github.com/SnapKit/SnapKit.git";
			requirement = {
				branch = develop;
				kind = branch;
			};
		};
/* End XCRemoteSwiftPackageReference section */

/* Begin XCSwiftPackageProductDependency section */
		AE1C7DFA298C4F3B00362448 /* SnapKit */ = {
			isa = XCSwiftPackageProductDependency;
			package = AE1C7DF9298C4F3B00362448 /* XCRemoteSwiftPackageReference "SnapKit" */;
			productName = SnapKit;
		};
/* End XCSwiftPackageProductDependency section */
	};
	rootObject = AE1C7DD0298AEAFD00362448 /* Project object */;
}
